
Microsoft Visual Studio Solution File, Format Version 12.00
# Visual Studio Version 17
VisualStudioVersion = 17.4.33205.214
MinimumVisualStudioVersion = 10.0.40219.1
Project("{FAE04EC0-301F-11D3-BF4B-00C04F79EFBC}") = "MagicVilla_VillaAPI", "MagicVilla_VillaAPI\MagicVilla_VillaAPI.csproj", "{938D188C-A527-4C4A-BDB3-BA46912EBA88}"
EndProject
Global
	GlobalSection(SolutionConfigurationPlatforms) = preSolution
		Debug|Any CPU = Debug|Any CPU
		Release|Any CPU = Release|Any CPU
	EndGlobalSection
	GlobalSection(ProjectConfigurationPlatforms) = postSolution
		{938D188C-A527-4C4A-BDB3-BA46912EBA88}.Debug|Any CPU.ActiveCfg = Debug|Any CPU
		{938D188C-A527-4C4A-BDB3-BA46912EBA88}.Debug|Any CPU.Build.0 = Debug|Any CPU
		{938D188C-A527-4C4A-BDB3-BA46912EBA88}.Release|Any CPU.ActiveCfg = Release|Any CPU
		{938D188C-A527-4C4A-BDB3-BA46912EBA88}.Release|Any CPU.Build.0 = Release|Any CPU
	EndGlobalSection
	GlobalSection(SolutionProperties) = preSolution
		HideSolutionNode = FALSE
	EndGlobalSection
	GlobalSection(ExtensibilityGlobals) = postSolution
		SolutionGuid = {5806458A-8A13-4C72-BC96-14DB7EDF74EC}
	EndGlobalSection
EndGlobal
